
Microsoft Visual Studio Solution File, Format Version 12.00
# Visual Studio Version 17
VisualStudioVersion = 17.2.32602.215
MinimumVisualStudioVersion = 10.0.40219.1
Project("{FAE04EC0-301F-11D3-BF4B-00C04F79EFBC}") = "restaurant.project", "restaurant.project\restaurant.project.csproj", "{2172BD49-A941-44F1-9C35-A268FC46323C}"
EndProject
Global
	GlobalSection(SolutionConfigurationPlatforms) = preSolution
		Debug|Any CPU = Debug|Any CPU
		Release|Any CPU = Release|Any CPU
	EndGlobalSection
	GlobalSection(ProjectConfigurationPlatforms) = postSolution
		{2172BD49-A941-44F1-9C35-A268FC46323C}.Debug|Any CPU.ActiveCfg = Debug|Any CPU
		{2172BD49-A941-44F1-9C35-A268FC46323C}.Debug|Any CPU.Build.0 = Debug|Any CPU
		{2172BD49-A941-44F1-9C35-A268FC46323C}.Release|Any CPU.ActiveCfg = Release|Any CPU
		{2172BD49-A941-44F1-9C35-A268FC46323C}.Release|Any CPU.Build.0 = Release|Any CPU
	EndGlobalSection
	GlobalSection(SolutionProperties) = preSolution
		HideSolutionNode = FALSE
	EndGlobalSection
	GlobalSection(ExtensibilityGlobals) = postSolution
		SolutionGuid = {E8FDD1A4-5675-4EFB-8095-B5D742B8B6B2}
	EndGlobalSection
EndGlobal
